
Microsoft Visual Studio Solution File, Format Version 12.00
# Visual Studio Version 17
VisualStudioVersion = 17.2.32526.322
MinimumVisualStudioVersion = 10.0.40219.1
Project("{2150E333-8FDC-42A3-9474-1A3956D46DE8}") = "src", "src", "{7A9B85D4-E3A2-4E09-A1A1-DC724B0FAE86}"
EndProject
Project("{9A19103F-16F7-4668-BE54-9A1E7A4F7556}") = "Core", "src\Core\Core.csproj", "{A20F9C50-8918-4F4B-A083-BE3C426A0438}"
EndProject
Project("{9A19103F-16F7-4668-BE54-9A1E7A4F7556}") = "App", "src\App\App.csproj", "{D0B4BA99-5005-4D50-A3C5-2933D12663BC}"
EndProject
Project("{9A19103F-16F7-4668-BE54-9A1E7A4F7556}") = "Builder", "src\Builder\Builder.csproj", "{CC638EB6-FED0-4BFA-AA74-4E43A0833582}"
EndProject
Project("{9A19103F-16F7-4668-BE54-9A1E7A4F7556}") = "ChainOfResponsability", "src\ChainOfResponsability\ChainOfResponsability.csproj", "{00989523-0397-4B5E-A16B-64B0D095F95B}"
EndProject
Project("{9A19103F-16F7-4668-BE54-9A1E7A4F7556}") = "Observer", "src\Observer\Observer.csproj", "{E882A4EB-DA3B-4300-BF04-82F28364CC66}"
EndProject
Project("{FAE04EC0-301F-11D3-BF4B-00C04F79EFBC}") = "Decorator", "src\Decorator\Decorator.csproj", "{0C0AB7DE-CD61-4988-9EE9-E89E39DA264D}"
EndProject
Global
	GlobalSection(SolutionConfigurationPlatforms) = preSolution
		Debug|Any CPU = Debug|Any CPU
		Release|Any CPU = Release|Any CPU
	EndGlobalSection
	GlobalSection(ProjectConfigurationPlatforms) = postSolution
		{A20F9C50-8918-4F4B-A083-BE3C426A0438}.Debug|Any CPU.ActiveCfg = Debug|Any CPU
		{A20F9C50-8918-4F4B-A083-BE3C426A0438}.Debug|Any CPU.Build.0 = Debug|Any CPU
		{A20F9C50-8918-4F4B-A083-BE3C426A0438}.Release|Any CPU.ActiveCfg = Release|Any CPU
		{A20F9C50-8918-4F4B-A083-BE3C426A0438}.Release|Any CPU.Build.0 = Release|Any CPU
		{D0B4BA99-5005-4D50-A3C5-2933D12663BC}.Debug|Any CPU.ActiveCfg = Debug|Any CPU
		{D0B4BA99-5005-4D50-A3C5-2933D12663BC}.Debug|Any CPU.Build.0 = Debug|Any CPU
		{D0B4BA99-5005-4D50-A3C5-2933D12663BC}.Release|Any CPU.ActiveCfg = Release|Any CPU
		{D0B4BA99-5005-4D50-A3C5-2933D12663BC}.Release|Any CPU.Build.0 = Release|Any CPU
		{CC638EB6-FED0-4BFA-AA74-4E43A0833582}.Debug|Any CPU.ActiveCfg = Debug|Any CPU
		{CC638EB6-FED0-4BFA-AA74-4E43A0833582}.Debug|Any CPU.Build.0 = Debug|Any CPU
		{CC638EB6-FED0-4BFA-AA74-4E43A0833582}.Release|Any CPU.ActiveCfg = Release|Any CPU
		{CC638EB6-FED0-4BFA-AA74-4E43A0833582}.Release|Any CPU.Build.0 = Release|Any CPU
		{00989523-0397-4B5E-A16B-64B0D095F95B}.Debug|Any CPU.ActiveCfg = Debug|Any CPU
		{00989523-0397-4B5E-A16B-64B0D095F95B}.Debug|Any CPU.Build.0 = Debug|Any CPU
		{00989523-0397-4B5E-A16B-64B0D095F95B}.Release|Any CPU.ActiveCfg = Release|Any CPU
		{00989523-0397-4B5E-A16B-64B0D095F95B}.Release|Any CPU.Build.0 = Release|Any CPU
		{E882A4EB-DA3B-4300-BF04-82F28364CC66}.Debug|Any CPU.ActiveCfg = Debug|Any CPU
		{E882A4EB-DA3B-4300-BF04-82F28364CC66}.Debug|Any CPU.Build.0 = Debug|Any CPU
		{E882A4EB-DA3B-4300-BF04-82F28364CC66}.Release|Any CPU.ActiveCfg = Release|Any CPU
		{E882A4EB-DA3B-4300-BF04-82F28364CC66}.Release|Any CPU.Build.0 = Release|Any CPU
		{0C0AB7DE-CD61-4988-9EE9-E89E39DA264D}.Debug|Any CPU.ActiveCfg = Debug|Any CPU
		{0C0AB7DE-CD61-4988-9EE9-E89E39DA264D}.Debug|Any CPU.Build.0 = Debug|Any CPU
		{0C0AB7DE-CD61-4988-9EE9-E89E39DA264D}.Release|Any CPU.ActiveCfg = Release|Any CPU
		{0C0AB7DE-CD61-4988-9EE9-E89E39DA264D}.Release|Any CPU.Build.0 = Release|Any CPU
	EndGlobalSection
	GlobalSection(SolutionProperties) = preSolution
		HideSolutionNode = FALSE
	EndGlobalSection
	GlobalSection(NestedProjects) = preSolution
		{A20F9C50-8918-4F4B-A083-BE3C426A0438} = {7A9B85D4-E3A2-4E09-A1A1-DC724B0FAE86}
		{D0B4BA99-5005-4D50-A3C5-2933D12663BC} = {7A9B85D4-E3A2-4E09-A1A1-DC724B0FAE86}
		{CC638EB6-FED0-4BFA-AA74-4E43A0833582} = {7A9B85D4-E3A2-4E09-A1A1-DC724B0FAE86}
		{00989523-0397-4B5E-A16B-64B0D095F95B} = {7A9B85D4-E3A2-4E09-A1A1-DC724B0FAE86}
		{E882A4EB-DA3B-4300-BF04-82F28364CC66} = {7A9B85D4-E3A2-4E09-A1A1-DC724B0FAE86}
		{0C0AB7DE-CD61-4988-9EE9-E89E39DA264D} = {7A9B85D4-E3A2-4E09-A1A1-DC724B0FAE86}
	EndGlobalSection
	GlobalSection(ExtensibilityGlobals) = postSolution
		SolutionGuid = {52C72972-242E-4EB0-B894-9B16940C8799}
	EndGlobalSection
EndGlobal
