
Microsoft Visual Studio Solution File, Format Version 12.00
# Visual Studio Version 17
VisualStudioVersion = 17.2.32526.322
MinimumVisualStudioVersion = 10.0.40219.1
Project("{2150E333-8FDC-42A3-9474-1A3956D46DE8}") = "src", "src", "{7A9B85D4-E3A2-4E09-A1A1-DC724B0FAE86}"
EndProject
Project("{2150E333-8FDC-42A3-9474-1A3956D46DE8}") = "patterns", "patterns", "{3F7153C4-D177-42BD-9B1F-12271FB39258}"
EndProject
Project("{FAE04EC0-301F-11D3-BF4B-00C04F79EFBC}") = "Core", "src\Core\Core.csproj", "{A20F9C50-8918-4F4B-A083-BE3C426A0438}"
EndProject
Project("{FAE04EC0-301F-11D3-BF4B-00C04F79EFBC}") = "App", "src\App\App.csproj", "{D0B4BA99-5005-4D50-A3C5-2933D12663BC}"
EndProject
Global
	GlobalSection(SolutionConfigurationPlatforms) = preSolution
		Debug|Any CPU = Debug|Any CPU
		Release|Any CPU = Release|Any CPU
	EndGlobalSection
	GlobalSection(ProjectConfigurationPlatforms) = postSolution
		{A20F9C50-8918-4F4B-A083-BE3C426A0438}.Debug|Any CPU.ActiveCfg = Debug|Any CPU
		{A20F9C50-8918-4F4B-A083-BE3C426A0438}.Debug|Any CPU.Build.0 = Debug|Any CPU
		{A20F9C50-8918-4F4B-A083-BE3C426A0438}.Release|Any CPU.ActiveCfg = Release|Any CPU
		{A20F9C50-8918-4F4B-A083-BE3C426A0438}.Release|Any CPU.Build.0 = Release|Any CPU
		{D0B4BA99-5005-4D50-A3C5-2933D12663BC}.Debug|Any CPU.ActiveCfg = Debug|Any CPU
		{D0B4BA99-5005-4D50-A3C5-2933D12663BC}.Debug|Any CPU.Build.0 = Debug|Any CPU
		{D0B4BA99-5005-4D50-A3C5-2933D12663BC}.Release|Any CPU.ActiveCfg = Release|Any CPU
		{D0B4BA99-5005-4D50-A3C5-2933D12663BC}.Release|Any CPU.Build.0 = Release|Any CPU
	EndGlobalSection
	GlobalSection(SolutionProperties) = preSolution
		HideSolutionNode = FALSE
	EndGlobalSection
	GlobalSection(NestedProjects) = preSolution
		{3F7153C4-D177-42BD-9B1F-12271FB39258} = {7A9B85D4-E3A2-4E09-A1A1-DC724B0FAE86}
		{A20F9C50-8918-4F4B-A083-BE3C426A0438} = {7A9B85D4-E3A2-4E09-A1A1-DC724B0FAE86}
		{D0B4BA99-5005-4D50-A3C5-2933D12663BC} = {7A9B85D4-E3A2-4E09-A1A1-DC724B0FAE86}
	EndGlobalSection
	GlobalSection(ExtensibilityGlobals) = postSolution
		SolutionGuid = {52C72972-242E-4EB0-B894-9B16940C8799}
	EndGlobalSection
EndGlobal
